// !$*UTF8*$!
{
	archiveVersion = 1;
	classes = {
	};
	objectVersion = 46;
	objects = {

/* Begin PBXBuildFile section */
		2023C8C4D7FBD5FD81E51E53 /* Pods_toTop.framework in Frameworks */ = {isa = PBXBuildFile; fileRef = FDE01835E51B6EEEF930E488 /* Pods_toTop.framework */; };
		3D640DD11EA8BC7500AC9168 /* ContainerViewController.swift in Sources */ = {isa = PBXBuildFile; fileRef = 3D640DD01EA8BC7500AC9168 /* ContainerViewController.swift */; };
		3DDAFF671EA9CE5600F6BA78 /* UIViewController.swift in Sources */ = {isa = PBXBuildFile; fileRef = 3DDAFF661EA9CE5600F6BA78 /* UIViewController.swift */; };
		3DE425061EA77C79008915C6 /* AppDelegate.swift in Sources */ = {isa = PBXBuildFile; fileRef = 3DE425051EA77C79008915C6 /* AppDelegate.swift */; };
		3DE425081EA77C79008915C6 /* ViewController.swift in Sources */ = {isa = PBXBuildFile; fileRef = 3DE425071EA77C79008915C6 /* ViewController.swift */; };
		3DE4250B1EA77C79008915C6 /* Main.storyboard in Resources */ = {isa = PBXBuildFile; fileRef = 3DE425091EA77C79008915C6 /* Main.storyboard */; };
		3DE4250D1EA77C79008915C6 /* Assets.xcassets in Resources */ = {isa = PBXBuildFile; fileRef = 3DE4250C1EA77C79008915C6 /* Assets.xcassets */; };
		3DE425101EA77C79008915C6 /* LaunchScreen.storyboard in Resources */ = {isa = PBXBuildFile; fileRef = 3DE4250E1EA77C79008915C6 /* LaunchScreen.storyboard */; };
		3DE4251A1EA77FA9008915C6 /* TableViewCell.swift in Sources */ = {isa = PBXBuildFile; fileRef = 3DE425191EA77FA9008915C6 /* TableViewCell.swift */; };
		3DEAB0581EA8B02700631872 /* leftViewController.swift in Sources */ = {isa = PBXBuildFile; fileRef = 3DEAB0571EA8B02700631872 /* leftViewController.swift */; };
		3DEAB05E1EA8B98200631872 /* TableViewController.swift in Sources */ = {isa = PBXBuildFile; fileRef = 3DEAB05D1EA8B98200631872 /* TableViewController.swift */; };
		3DEE158A1EAB6B5600569799 /* SwiftViewController.swift in Sources */ = {isa = PBXBuildFile; fileRef = 3DEE15891EAB6B5600569799 /* SwiftViewController.swift */; };
		3DEE158C1EAB6BB700569799 /* OCViewController.swift in Sources */ = {isa = PBXBuildFile; fileRef = 3DEE158B1EAB6BB700569799 /* OCViewController.swift */; };
		3DEE158E1EAB723800569799 /* BaseTableViewCell.swift in Sources */ = {isa = PBXBuildFile; fileRef = 3DEE158D1EAB723800569799 /* BaseTableViewCell.swift */; };
		3DEE15901EAB727C00569799 /* String.swift in Sources */ = {isa = PBXBuildFile; fileRef = 3DEE158F1EAB727C00569799 /* String.swift */; };
/* End PBXBuildFile section */

/* Begin PBXFileReference section */
		0832124FE0401CA273F21315 /* Pods-toTop.release.xcconfig */ = {isa = PBXFileReference; includeInIndex = 1; lastKnownFileType = text.xcconfig; name = "Pods-toTop.release.xcconfig"; path = "Pods/Target Support Files/Pods-toTop/Pods-toTop.release.xcconfig"; sourceTree = "<group>"; };
		3D640DD01EA8BC7500AC9168 /* ContainerViewController.swift */ = {isa = PBXFileReference; fileEncoding = 4; lastKnownFileType = sourcecode.swift; path = ContainerViewController.swift; sourceTree = "<group>"; };
		3DDAFF661EA9CE5600F6BA78 /* UIViewController.swift */ = {isa = PBXFileReference; fileEncoding = 4; lastKnownFileType = sourcecode.swift; path = UIViewController.swift; sourceTree = "<group>"; };
		3DE425021EA77C79008915C6 /* toTop.app */ = {isa = PBXFileReference; explicitFileType = wrapper.application; includeInIndex = 0; path = toTop.app; sourceTree = BUILT_PRODUCTS_DIR; };
		3DE425051EA77C79008915C6 /* AppDelegate.swift */ = {isa = PBXFileReference; lastKnownFileType = sourcecode.swift; path = AppDelegate.swift; sourceTree = "<group>"; };
		3DE425071EA77C79008915C6 /* ViewController.swift */ = {isa = PBXFileReference; lastKnownFileType = sourcecode.swift; path = ViewController.swift; sourceTree = "<group>"; };
		3DE4250A1EA77C79008915C6 /* Base */ = {isa = PBXFileReference; lastKnownFileType = file.storyboard; name = Base; path = Base.lproj/Main.storyboard; sourceTree = "<group>"; };
		3DE4250C1EA77C79008915C6 /* Assets.xcassets */ = {isa = PBXFileReference; lastKnownFileType = folder.assetcatalog; path = Assets.xcassets; sourceTree = "<group>"; };
		3DE4250F1EA77C79008915C6 /* Base */ = {isa = PBXFileReference; lastKnownFileType = file.storyboard; name = Base; path = Base.lproj/LaunchScreen.storyboard; sourceTree = "<group>"; };
		3DE425111EA77C79008915C6 /* Info.plist */ = {isa = PBXFileReference; lastKnownFileType = text.plist.xml; path = Info.plist; sourceTree = "<group>"; };
		3DE425191EA77FA9008915C6 /* TableViewCell.swift */ = {isa = PBXFileReference; fileEncoding = 4; lastKnownFileType = sourcecode.swift; path = TableViewCell.swift; sourceTree = "<group>"; };
		3DEAB0571EA8B02700631872 /* leftViewController.swift */ = {isa = PBXFileReference; fileEncoding = 4; lastKnownFileType = sourcecode.swift; path = leftViewController.swift; sourceTree = "<group>"; };
		3DEAB05D1EA8B98200631872 /* TableViewController.swift */ = {isa = PBXFileReference; fileEncoding = 4; lastKnownFileType = sourcecode.swift; path = TableViewController.swift; sourceTree = "<group>"; };
		3DEE15891EAB6B5600569799 /* SwiftViewController.swift */ = {isa = PBXFileReference; fileEncoding = 4; lastKnownFileType = sourcecode.swift; path = SwiftViewController.swift; sourceTree = "<group>"; };
		3DEE158B1EAB6BB700569799 /* OCViewController.swift */ = {isa = PBXFileReference; fileEncoding = 4; lastKnownFileType = sourcecode.swift; path = OCViewController.swift; sourceTree = "<group>"; };
		3DEE158D1EAB723800569799 /* BaseTableViewCell.swift */ = {isa = PBXFileReference; fileEncoding = 4; lastKnownFileType = sourcecode.swift; path = BaseTableViewCell.swift; sourceTree = "<group>"; };
		3DEE158F1EAB727C00569799 /* String.swift */ = {isa = PBXFileReference; fileEncoding = 4; lastKnownFileType = sourcecode.swift; path = String.swift; sourceTree = "<group>"; };
		91C22395118CBCBC01BDA697 /* Pods-toTop.debug.xcconfig */ = {isa = PBXFileReference; includeInIndex = 1; lastKnownFileType = text.xcconfig; name = "Pods-toTop.debug.xcconfig"; path = "Pods/Target Support Files/Pods-toTop/Pods-toTop.debug.xcconfig"; sourceTree = "<group>"; };
		FDE01835E51B6EEEF930E488 /* Pods_toTop.framework */ = {isa = PBXFileReference; explicitFileType = wrapper.framework; includeInIndex = 0; path = Pods_toTop.framework; sourceTree = BUILT_PRODUCTS_DIR; };
/* End PBXFileReference section */

/* Begin PBXFrameworksBuildPhase section */
		3DE424FF1EA77C79008915C6 /* Frameworks */ = {
			isa = PBXFrameworksBuildPhase;
			buildActionMask = 2147483647;
			files = (
				2023C8C4D7FBD5FD81E51E53 /* Pods_toTop.framework in Frameworks */,
			);
			runOnlyForDeploymentPostprocessing = 0;
		};
/* End PBXFrameworksBuildPhase section */

/* Begin PBXGroup section */
		3DE424F91EA77C79008915C6 = {
			isa = PBXGroup;
			children = (
				3DE425041EA77C79008915C6 /* toTop */,
				3DE425031EA77C79008915C6 /* Products */,
				A14BECB8DAC7E8C64DB1FACB /* Pods */,
				A247BF53E41216073EF1C9ED /* Frameworks */,
			);
			sourceTree = "<group>";
		};
		3DE425031EA77C79008915C6 /* Products */ = {
			isa = PBXGroup;
			children = (
				3DE425021EA77C79008915C6 /* toTop.app */,
			);
			name = Products;
			sourceTree = "<group>";
		};
		3DE425041EA77C79008915C6 /* toTop */ = {
			isa = PBXGroup;
			children = (
				3DEAB05D1EA8B98200631872 /* TableViewController.swift */,
				3DDAFF661EA9CE5600F6BA78 /* UIViewController.swift */,
				3D640DD01EA8BC7500AC9168 /* ContainerViewController.swift */,
				3DEAB0571EA8B02700631872 /* leftViewController.swift */,
				3DEE158D1EAB723800569799 /* BaseTableViewCell.swift */,
				3DEE158F1EAB727C00569799 /* String.swift */,
				3DE425191EA77FA9008915C6 /* TableViewCell.swift */,
				3DE425051EA77C79008915C6 /* AppDelegate.swift */,
				3DE425071EA77C79008915C6 /* ViewController.swift */,
				3DE425091EA77C79008915C6 /* Main.storyboard */,
				3DEE158B1EAB6BB700569799 /* OCViewController.swift */,
				3DEE15891EAB6B5600569799 /* SwiftViewController.swift */,
				3DE4250C1EA77C79008915C6 /* Assets.xcassets */,
				3DE4250E1EA77C79008915C6 /* LaunchScreen.storyboard */,
				3DE425111EA77C79008915C6 /* Info.plist */,
			);
			path = toTop;
			sourceTree = "<group>";
		};
		A14BECB8DAC7E8C64DB1FACB /* Pods */ = {
			isa = PBXGroup;
			children = (
				91C22395118CBCBC01BDA697 /* Pods-toTop.debug.xcconfig */,
				0832124FE0401CA273F21315 /* Pods-toTop.release.xcconfig */,
			);
			name = Pods;
			sourceTree = "<group>";
		};
		A247BF53E41216073EF1C9ED /* Frameworks */ = {
			isa = PBXGroup;
			children = (
				FDE01835E51B6EEEF930E488 /* Pods_toTop.framework */,
			);
			name = Frameworks;
			sourceTree = "<group>";
		};
/* End PBXGroup section */

/* Begin PBXNativeTarget section */
		3DE425011EA77C79008915C6 /* toTop */ = {
			isa = PBXNativeTarget;
			buildConfigurationList = 3DE425141EA77C79008915C6 /* Build configuration list for PBXNativeTarget "toTop" */;
			buildPhases = (
				A2206A37180264C435CCFB9D /* [CP] Check Pods Manifest.lock */,
				3DE424FE1EA77C79008915C6 /* Sources */,
				3DE424FF1EA77C79008915C6 /* Frameworks */,
				3DE425001EA77C79008915C6 /* Resources */,
				01B6DB74FC1CF2BF4D0759FA /* [CP] Embed Pods Frameworks */,
				E6229D0726BA5A23590A263F /* [CP] Copy Pods Resources */,
			);
			buildRules = (
			);
			dependencies = (
			);
			name = toTop;
			productName = toTop;
			productReference = 3DE425021EA77C79008915C6 /* toTop.app */;
			productType = "com.apple.product-type.application";
		};
/* End PBXNativeTarget section */

/* Begin PBXProject section */
		3DE424FA1EA77C79008915C6 /* Project object */ = {
			isa = PBXProject;
			attributes = {
				LastSwiftUpdateCheck = 0830;
				LastUpgradeCheck = 0830;
				ORGANIZATIONNAME = zxing;
				TargetAttributes = {
					3DE425011EA77C79008915C6 = {
						CreatedOnToolsVersion = 8.3;
						DevelopmentTeam = 3FEY5TPWQR;
						ProvisioningStyle = Automatic;
					};
				};
			};
			buildConfigurationList = 3DE424FD1EA77C79008915C6 /* Build configuration list for PBXProject "toTop" */;
			compatibilityVersion = "Xcode 3.2";
			developmentRegion = English;
			hasScannedForEncodings = 0;
			knownRegions = (
				en,
				Base,
			);
			mainGroup = 3DE424F91EA77C79008915C6;
			productRefGroup = 3DE425031EA77C79008915C6 /* Products */;
			projectDirPath = "";
			projectRoot = "";
			targets = (
				3DE425011EA77C79008915C6 /* toTop */,
			);
		};
/* End PBXProject section */

/* Begin PBXResourcesBuildPhase section */
		3DE425001EA77C79008915C6 /* Resources */ = {
			isa = PBXResourcesBuildPhase;
			buildActionMask = 2147483647;
			files = (
				3DE425101EA77C79008915C6 /* LaunchScreen.storyboard in Resources */,
				3DE4250D1EA77C79008915C6 /* Assets.xcassets in Resources */,
				3DE4250B1EA77C79008915C6 /* Main.storyboard in Resources */,
			);
			runOnlyForDeploymentPostprocessing = 0;
		};
/* End PBXResourcesBuildPhase section */

/* Begin PBXShellScriptBuildPhase section */
		01B6DB74FC1CF2BF4D0759FA /* [CP] Embed Pods Frameworks */ = {
			isa = PBXShellScriptBuildPhase;
			buildActionMask = 2147483647;
			files = (
			);
			inputPaths = (
			);
			name = "[CP] Embed Pods Frameworks";
			outputPaths = (
			);
			runOnlyForDeploymentPostprocessing = 0;
			shellPath = /bin/sh;
			shellScript = "\"${SRCROOT}/Pods/Target Support Files/Pods-toTop/Pods-toTop-frameworks.sh\"\n";
			showEnvVarsInLog = 0;
		};
		A2206A37180264C435CCFB9D /* [CP] Check Pods Manifest.lock */ = {
			isa = PBXShellScriptBuildPhase;
			buildActionMask = 2147483647;
			files = (
			);
			inputPaths = (
			);
			name = "[CP] Check Pods Manifest.lock";
			outputPaths = (
			);
			runOnlyForDeploymentPostprocessing = 0;
			shellPath = /bin/sh;
			shellScript = "diff \"${PODS_ROOT}/../Podfile.lock\" \"${PODS_ROOT}/Manifest.lock\" > /dev/null\nif [ $? != 0 ] ; then\n    # print error to STDERR\n    echo \"error: The sandbox is not in sync with the Podfile.lock. Run 'pod install' or update your CocoaPods installation.\" >&2\n    exit 1\nfi\n";
			showEnvVarsInLog = 0;
		};
		E6229D0726BA5A23590A263F /* [CP] Copy Pods Resources */ = {
			isa = PBXShellScriptBuildPhase;
			buildActionMask = 2147483647;
			files = (
			);
			inputPaths = (
			);
			name = "[CP] Copy Pods Resources";
			outputPaths = (
			);
			runOnlyForDeploymentPostprocessing = 0;
			shellPath = /bin/sh;
			shellScript = "\"${SRCROOT}/Pods/Target Support Files/Pods-toTop/Pods-toTop-resources.sh\"\n";
			showEnvVarsInLog = 0;
		};
/* End PBXShellScriptBuildPhase section */

/* Begin PBXSourcesBuildPhase section */
		3DE424FE1EA77C79008915C6 /* Sources */ = {
			isa = PBXSourcesBuildPhase;
			buildActionMask = 2147483647;
			files = (
				3DEAB05E1EA8B98200631872 /* TableViewController.swift in Sources */,
				3DEE15901EAB727C00569799 /* String.swift in Sources */,
				3DE425081EA77C79008915C6 /* ViewController.swift in Sources */,
				3D640DD11EA8BC7500AC9168 /* ContainerViewController.swift in Sources */,
				3DEE158A1EAB6B5600569799 /* SwiftViewController.swift in Sources */,
				3DE4251A1EA77FA9008915C6 /* TableViewCell.swift in Sources */,
				3DE425061EA77C79008915C6 /* AppDelegate.swift in Sources */,
				3DDAFF671EA9CE5600F6BA78 /* UIViewController.swift in Sources */,
				3DEE158C1EAB6BB700569799 /* OCViewController.swift in Sources */,
				3DEE158E1EAB723800569799 /* BaseTableViewCell.swift in Sources */,
				3DEAB0581EA8B02700631872 /* leftViewController.swift in Sources */,
			);
			runOnlyForDeploymentPostprocessing = 0;
		};
/* End PBXSourcesBuildPhase section */

/* Begin PBXVariantGroup section */
		3DE425091EA77C79008915C6 /* Main.storyboard */ = {
			isa = PBXVariantGroup;
			children = (
				3DE4250A1EA77C79008915C6 /* Base */,
			);
			name = Main.storyboard;
			sourceTree = "<group>";
		};
		3DE4250E1EA77C79008915C6 /* LaunchScreen.storyboard */ = {
			isa = PBXVariantGroup;
			children = (
				3DE4250F1EA77C79008915C6 /* Base */,
			);
			name = LaunchScreen.storyboard;
			sourceTree = "<group>";
		};
/* End PBXVariantGroup section */

/* Begin XCBuildConfiguration section */
		3DE425121EA77C79008915C6 /* Debug */ = {
			isa = XCBuildConfiguration;
			buildSettings = {
				ALWAYS_SEARCH_USER_PATHS = NO;
				CLANG_ANALYZER_NONNULL = YES;
				CLANG_ANALYZER_NUMBER_OBJECT_CONVERSION = YES_AGGRESSIVE;
				CLANG_CXX_LANGUAGE_STANDARD = "gnu++0x";
				CLANG_CXX_LIBRARY = "libc++";
				CLANG_ENABLE_MODULES = YES;
				CLANG_ENABLE_OBJC_ARC = YES;
				CLANG_WARN_BOOL_CONVERSION = YES;
				CLANG_WARN_CONSTANT_CONVERSION = YES;
				CLANG_WARN_DIRECT_OBJC_ISA_USAGE = YES_ERROR;
				CLANG_WARN_DOCUMENTATION_COMMENTS = YES;
				CLANG_WARN_EMPTY_BODY = YES;
				CLANG_WARN_ENUM_CONVERSION = YES;
				CLANG_WARN_INFINITE_RECURSION = YES;
				CLANG_WARN_INT_CONVERSION = YES;
				CLANG_WARN_OBJC_ROOT_CLASS = YES_ERROR;
				CLANG_WARN_SUSPICIOUS_MOVE = YES;
				CLANG_WARN_UNREACHABLE_CODE = YES;
				CLANG_WARN__DUPLICATE_METHOD_MATCH = YES;
				"CODE_SIGN_IDENTITY[sdk=iphoneos*]" = "iPhone Developer";
				COPY_PHASE_STRIP = NO;
				DEBUG_INFORMATION_FORMAT = dwarf;
				ENABLE_STRICT_OBJC_MSGSEND = YES;
				ENABLE_TESTABILITY = YES;
				GCC_C_LANGUAGE_STANDARD = gnu99;
				GCC_DYNAMIC_NO_PIC = NO;
				GCC_NO_COMMON_BLOCKS = YES;
				GCC_OPTIMIZATION_LEVEL = 0;
				GCC_PREPROCESSOR_DEFINITIONS = (
					"DEBUG=1",
					"$(inherited)",
				);
				GCC_WARN_64_TO_32_BIT_CONVERSION = YES;
				GCC_WARN_ABOUT_RETURN_TYPE = YES_ERROR;
				GCC_WARN_UNDECLARED_SELECTOR = YES;
				GCC_WARN_UNINITIALIZED_AUTOS = YES_AGGRESSIVE;
				GCC_WARN_UNUSED_FUNCTION = YES;
				GCC_WARN_UNUSED_VARIABLE = YES;
				IPHONEOS_DEPLOYMENT_TARGET = 10.3;
				MTL_ENABLE_DEBUG_INFO = YES;
				ONLY_ACTIVE_ARCH = YES;
				SDKROOT = iphoneos;
				SWIFT_ACTIVE_COMPILATION_CONDITIONS = DEBUG;
				SWIFT_OPTIMIZATION_LEVEL = "-Onone";
			};
			name = Debug;
		};
		3DE425131EA77C79008915C6 /* Release */ = {
			isa = XCBuildConfiguration;
			buildSettings = {
				ALWAYS_SEARCH_USER_PATHS = NO;
				CLANG_ANALYZER_NONNULL = YES;
				CLANG_ANALYZER_NUMBER_OBJECT_CONVERSION = YES_AGGRESSIVE;
				CLANG_CXX_LANGUAGE_STANDARD = "gnu++0x";
				CLANG_CXX_LIBRARY = "libc++";
				CLANG_ENABLE_MODULES = YES;
				CLANG_ENABLE_OBJC_ARC = YES;
				CLANG_WARN_BOOL_CONVERSION = YES;
				CLANG_WARN_CONSTANT_CONVERSION = YES;
				CLANG_WARN_DIRECT_OBJC_ISA_USAGE = YES_ERROR;
				CLANG_WARN_DOCUMENTATION_COMMENTS = YES;
				CLANG_WARN_EMPTY_BODY = YES;
				CLANG_WARN_ENUM_CONVERSION = YES;
				CLANG_WARN_INFINITE_RECURSION = YES;
				CLANG_WARN_INT_CONVERSION = YES;
				CLANG_WARN_OBJC_ROOT_CLASS = YES_ERROR;
				CLANG_WARN_SUSPICIOUS_MOVE = YES;
				CLANG_WARN_UNREACHABLE_CODE = YES;
				CLANG_WARN__DUPLICATE_METHOD_MATCH = YES;
				"CODE_SIGN_IDENTITY[sdk=iphoneos*]" = "iPhone Developer";
				COPY_PHASE_STRIP = NO;
				DEBUG_INFORMATION_FORMAT = "dwarf-with-dsym";
				ENABLE_NS_ASSERTIONS = NO;
				ENABLE_STRICT_OBJC_MSGSEND = YES;
				GCC_C_LANGUAGE_STANDARD = gnu99;
				GCC_NO_COMMON_BLOCKS = YES;
				GCC_WARN_64_TO_32_BIT_CONVERSION = YES;
				GCC_WARN_ABOUT_RETURN_TYPE = YES_ERROR;
				GCC_WARN_UNDECLARED_SELECTOR = YES;
				GCC_WARN_UNINITIALIZED_AUTOS = YES_AGGRESSIVE;
				GCC_WARN_UNUSED_FUNCTION = YES;
				GCC_WARN_UNUSED_VARIABLE = YES;
				IPHONEOS_DEPLOYMENT_TARGET = 10.3;
				MTL_ENABLE_DEBUG_INFO = NO;
				SDKROOT = iphoneos;
				SWIFT_OPTIMIZATION_LEVEL = "-Owholemodule";
				VALIDATE_PRODUCT = YES;
			};
			name = Release;
		};
		3DE425151EA77C79008915C6 /* Debug */ = {
			isa = XCBuildConfiguration;
			baseConfigurationReference = 91C22395118CBCBC01BDA697 /* Pods-toTop.debug.xcconfig */;
			buildSettings = {
				ASSETCATALOG_COMPILER_APPICON_NAME = AppIcon;
				DEVELOPMENT_TEAM = 3FEY5TPWQR;
				INFOPLIST_FILE = toTop/Info.plist;
				LD_RUNPATH_SEARCH_PATHS = "$(inherited) @executable_path/Frameworks";
				PRODUCT_BUNDLE_IDENTIFIER = zxing.toTop;
				PRODUCT_NAME = "$(TARGET_NAME)";
				SWIFT_VERSION = 3.0;
			};
			name = Debug;
		};
		3DE425161EA77C79008915C6 /* Release */ = {
			isa = XCBuildConfiguration;
			baseConfigurationReference = 0832124FE0401CA273F21315 /* Pods-toTop.release.xcconfig */;
			buildSettings = {
				ASSETCATALOG_COMPILER_APPICON_NAME = AppIcon;
				DEVELOPMENT_TEAM = 3FEY5TPWQR;
				INFOPLIST_FILE = toTop/Info.plist;
				LD_RUNPATH_SEARCH_PATHS = "$(inherited) @executable_path/Frameworks";
				PRODUCT_BUNDLE_IDENTIFIER = zxing.toTop;
				PRODUCT_NAME = "$(TARGET_NAME)";
				SWIFT_VERSION = 3.0;
			};
			name = Release;
		};
/* End XCBuildConfiguration section */

/* Begin XCConfigurationList section */
		3DE424FD1EA77C79008915C6 /* Build configuration list for PBXProject "toTop" */ = {
			isa = XCConfigurationList;
			buildConfigurations = (
				3DE425121EA77C79008915C6 /* Debug */,
				3DE425131EA77C79008915C6 /* Release */,
			);
			defaultConfigurationIsVisible = 0;
			defaultConfigurationName = Release;
		};
		3DE425141EA77C79008915C6 /* Build configuration list for PBXNativeTarget "toTop" */ = {
			isa = XCConfigurationList;
			buildConfigurations = (
				3DE425151EA77C79008915C6 /* Debug */,
				3DE425161EA77C79008915C6 /* Release */,
			);
			defaultConfigurationIsVisible = 0;
			defaultConfigurationName = Release;
		};
/* End XCConfigurationList section */
	};
	rootObject = 3DE424FA1EA77C79008915C6 /* Project object */;
}
